// !$*UTF8*$!
{
	archiveVersion = 1;
	classes = {
	};
	objectVersion = 55;
	objects = {

/* Begin PBXBuildFile section */
		01644A0227957542004C30F2 /* StandingsView.swift in Sources */ = {isa = PBXBuildFile; fileRef = 01644A0127957542004C30F2 /* StandingsView.swift */; };
		01644A0427957556004C30F2 /* StandingsListView.swift in Sources */ = {isa = PBXBuildFile; fileRef = 01644A0327957556004C30F2 /* StandingsListView.swift */; };
		01644A092795779D004C30F2 /* QualiView.swift in Sources */ = {isa = PBXBuildFile; fileRef = 01644A082795779D004C30F2 /* QualiView.swift */; };
		01644A0B27957E4B004C30F2 /* RaceDriverResultsView.swift in Sources */ = {isa = PBXBuildFile; fileRef = 01644A0A27957E4B004C30F2 /* RaceDriverResultsView.swift */; };
		01644A0D27957E57004C30F2 /* RaceStandingResultsView.swift in Sources */ = {isa = PBXBuildFile; fileRef = 01644A0C27957E57004C30F2 /* RaceStandingResultsView.swift */; };
		01644A0F27957E6F004C30F2 /* RaceView.swift in Sources */ = {isa = PBXBuildFile; fileRef = 01644A0E27957E6F004C30F2 /* RaceView.swift */; };
		FB3D29A027254EF100687B7E /* DriverView.swift in Sources */ = {isa = PBXBuildFile; fileRef = FB3D299F27254EF100687B7E /* DriverView.swift */; };
		FB51049427242333005963A9 /* F1AppApp.swift in Sources */ = {isa = PBXBuildFile; fileRef = FB51049327242333005963A9 /* F1AppApp.swift */; };
		FB51049627242333005963A9 /* ContentView.swift in Sources */ = {isa = PBXBuildFile; fileRef = FB51049527242333005963A9 /* ContentView.swift */; };
		FB51049827242335005963A9 /* Assets.xcassets in Resources */ = {isa = PBXBuildFile; fileRef = FB51049727242335005963A9 /* Assets.xcassets */; };
		FB51049B27242335005963A9 /* Preview Assets.xcassets in Resources */ = {isa = PBXBuildFile; fileRef = FB51049A27242335005963A9 /* Preview Assets.xcassets */; };
		FB5104A22724235F005963A9 /* Schedule.swift in Sources */ = {isa = PBXBuildFile; fileRef = FB5104A12724235F005963A9 /* Schedule.swift */; };
		FB5104A4272425AE005963A9 /* Driver.swift in Sources */ = {isa = PBXBuildFile; fileRef = FB5104A3272425AE005963A9 /* Driver.swift */; };
		FB7D8AAA272581B800EFEED7 /* WebView.swift in Sources */ = {isa = PBXBuildFile; fileRef = FB7D8AA9272581B800EFEED7 /* WebView.swift */; };
		FB7FFBE827244922008BA1B4 /* DriverService.swift in Sources */ = {isa = PBXBuildFile; fileRef = FB7FFBE727244922008BA1B4 /* DriverService.swift */; };
		FB7FFBEA272451BB008BA1B4 /* DriverListView.swift in Sources */ = {isa = PBXBuildFile; fileRef = FB7FFBE9272451BB008BA1B4 /* DriverListView.swift */; };
		FB89568A2727FAF1009B7280 /* ScheduleService.swift in Sources */ = {isa = PBXBuildFile; fileRef = FB8956892727FAF1009B7280 /* ScheduleService.swift */; };
		FB89568C2727FB03009B7280 /* ScheduleViewModel.swift in Sources */ = {isa = PBXBuildFile; fileRef = FB89568B2727FB03009B7280 /* ScheduleViewModel.swift */; };
		FB89568E2727FC00009B7280 /* ScheduleView.swift in Sources */ = {isa = PBXBuildFile; fileRef = FB89568D2727FC00009B7280 /* ScheduleView.swift */; };
		FB8956902728067D009B7280 /* ScheduleListView.swift in Sources */ = {isa = PBXBuildFile; fileRef = FB89568F2728067D009B7280 /* ScheduleListView.swift */; };
		FB8956922728699A009B7280 /* RaceDetailsView.swift in Sources */ = {isa = PBXBuildFile; fileRef = FB8956912728699A009B7280 /* RaceDetailsView.swift */; };
		FBCC01A027249B9700821F83 /* DriverViewModel.swift in Sources */ = {isa = PBXBuildFile; fileRef = FBCC019F27249B9700821F83 /* DriverViewModel.swift */; };
/* End PBXBuildFile section */

/* Begin PBXFileReference section */
		01644A0127957542004C30F2 /* StandingsView.swift */ = {isa = PBXFileReference; lastKnownFileType = sourcecode.swift; path = StandingsView.swift; sourceTree = "<group>"; };
		01644A0327957556004C30F2 /* StandingsListView.swift */ = {isa = PBXFileReference; lastKnownFileType = sourcecode.swift; path = StandingsListView.swift; sourceTree = "<group>"; };
		01644A082795779D004C30F2 /* QualiView.swift */ = {isa = PBXFileReference; lastKnownFileType = sourcecode.swift; path = QualiView.swift; sourceTree = "<group>"; };
		01644A0A27957E4B004C30F2 /* RaceDriverResultsView.swift */ = {isa = PBXFileReference; lastKnownFileType = sourcecode.swift; path = RaceDriverResultsView.swift; sourceTree = "<group>"; };
		01644A0C27957E57004C30F2 /* RaceStandingResultsView.swift */ = {isa = PBXFileReference; lastKnownFileType = sourcecode.swift; path = RaceStandingResultsView.swift; sourceTree = "<group>"; };
		01644A0E27957E6F004C30F2 /* RaceView.swift */ = {isa = PBXFileReference; lastKnownFileType = sourcecode.swift; path = RaceView.swift; sourceTree = "<group>"; };
		FB3D299F27254EF100687B7E /* DriverView.swift */ = {isa = PBXFileReference; lastKnownFileType = sourcecode.swift; path = DriverView.swift; sourceTree = "<group>"; };
		FB51049027242333005963A9 /* F1App.app */ = {isa = PBXFileReference; explicitFileType = wrapper.application; includeInIndex = 0; path = F1App.app; sourceTree = BUILT_PRODUCTS_DIR; };
		FB51049327242333005963A9 /* F1AppApp.swift */ = {isa = PBXFileReference; lastKnownFileType = sourcecode.swift; path = F1AppApp.swift; sourceTree = "<group>"; };
		FB51049527242333005963A9 /* ContentView.swift */ = {isa = PBXFileReference; lastKnownFileType = sourcecode.swift; path = ContentView.swift; sourceTree = "<group>"; };
		FB51049727242335005963A9 /* Assets.xcassets */ = {isa = PBXFileReference; lastKnownFileType = folder.assetcatalog; path = Assets.xcassets; sourceTree = "<group>"; };
		FB51049A27242335005963A9 /* Preview Assets.xcassets */ = {isa = PBXFileReference; lastKnownFileType = folder.assetcatalog; path = "Preview Assets.xcassets"; sourceTree = "<group>"; };
		FB5104A12724235F005963A9 /* Schedule.swift */ = {isa = PBXFileReference; lastKnownFileType = sourcecode.swift; path = Schedule.swift; sourceTree = "<group>"; };
		FB5104A3272425AE005963A9 /* Driver.swift */ = {isa = PBXFileReference; lastKnownFileType = sourcecode.swift; path = Driver.swift; sourceTree = "<group>"; };
		FB7D8AA9272581B800EFEED7 /* WebView.swift */ = {isa = PBXFileReference; lastKnownFileType = sourcecode.swift; path = WebView.swift; sourceTree = "<group>"; };
		FB7FFBE727244922008BA1B4 /* DriverService.swift */ = {isa = PBXFileReference; lastKnownFileType = sourcecode.swift; path = DriverService.swift; sourceTree = "<group>"; };
		FB7FFBE9272451BB008BA1B4 /* DriverListView.swift */ = {isa = PBXFileReference; lastKnownFileType = sourcecode.swift; path = DriverListView.swift; sourceTree = "<group>"; };
		FB8956892727FAF1009B7280 /* ScheduleService.swift */ = {isa = PBXFileReference; lastKnownFileType = sourcecode.swift; path = ScheduleService.swift; sourceTree = "<group>"; };
		FB89568B2727FB03009B7280 /* ScheduleViewModel.swift */ = {isa = PBXFileReference; lastKnownFileType = sourcecode.swift; path = ScheduleViewModel.swift; sourceTree = "<group>"; };
		FB89568D2727FC00009B7280 /* ScheduleView.swift */ = {isa = PBXFileReference; lastKnownFileType = sourcecode.swift; path = ScheduleView.swift; sourceTree = "<group>"; };
		FB89568F2728067D009B7280 /* ScheduleListView.swift */ = {isa = PBXFileReference; lastKnownFileType = sourcecode.swift; path = ScheduleListView.swift; sourceTree = "<group>"; };
		FB8956912728699A009B7280 /* RaceDetailsView.swift */ = {isa = PBXFileReference; lastKnownFileType = sourcecode.swift; path = RaceDetailsView.swift; sourceTree = "<group>"; };
		FBCC019F27249B9700821F83 /* DriverViewModel.swift */ = {isa = PBXFileReference; lastKnownFileType = sourcecode.swift; path = DriverViewModel.swift; sourceTree = "<group>"; };
/* End PBXFileReference section */

/* Begin PBXFrameworksBuildPhase section */
		FB51048D27242333005963A9 /* Frameworks */ = {
			isa = PBXFrameworksBuildPhase;
			buildActionMask = 2147483647;
			files = (
			);
			runOnlyForDeploymentPostprocessing = 0;
		};
/* End PBXFrameworksBuildPhase section */

/* Begin PBXGroup section */
		01644A002795751B004C30F2 /* StandingsViews */ = {
			isa = PBXGroup;
			children = (
				01644A0127957542004C30F2 /* StandingsView.swift */,
				01644A0327957556004C30F2 /* StandingsListView.swift */,
			);
			path = StandingsViews;
			sourceTree = "<group>";
		};
		01644A0527957761004C30F2 /* Standings */ = {
			isa = PBXGroup;
			children = (
			);
			path = Standings;
			sourceTree = "<group>";
		};
		01644A0627957779004C30F2 /* RaceDetailsView */ = {
			isa = PBXGroup;
			children = (
				FB8956912728699A009B7280 /* RaceDetailsView.swift */,
				01644A082795779D004C30F2 /* QualiView.swift */,
				01644A0A27957E4B004C30F2 /* RaceDriverResultsView.swift */,
				01644A0C27957E57004C30F2 /* RaceStandingResultsView.swift */,
				01644A0E27957E6F004C30F2 /* RaceView.swift */,
			);
			path = RaceDetailsView;
			sourceTree = "<group>";
		};
		FB51048727242333005963A9 = {
			isa = PBXGroup;
			children = (
				FB51049227242333005963A9 /* F1App */,
				FB51049127242333005963A9 /* Products */,
			);
			sourceTree = "<group>";
		};
		FB51049127242333005963A9 /* Products */ = {
			isa = PBXGroup;
			children = (
				FB51049027242333005963A9 /* F1App.app */,
			);
			name = Products;
			sourceTree = "<group>";
		};
		FB51049227242333005963A9 /* F1App */ = {
			isa = PBXGroup;
			children = (
				FB895696272870BC009B7280 /* Views */,
				FB8956932728708C009B7280 /* Models */,
				FB51049327242333005963A9 /* F1AppApp.swift */,
				FB51049527242333005963A9 /* ContentView.swift */,
				FB51049727242335005963A9 /* Assets.xcassets */,
				FB51049927242335005963A9 /* Preview Content */,
			);
			path = F1App;
			sourceTree = "<group>";
		};
		FB51049927242335005963A9 /* Preview Content */ = {
			isa = PBXGroup;
			children = (
				FB51049A27242335005963A9 /* Preview Assets.xcassets */,
			);
			path = "Preview Content";
			sourceTree = "<group>";
		};
		FB8956932728708C009B7280 /* Models */ = {
			isa = PBXGroup;
			children = (
				01644A0527957761004C30F2 /* Standings */,
				FB895695272870A9009B7280 /* Driver */,
				FB895694272870A1009B7280 /* Schedule */,
			);
			path = Models;
			sourceTree = "<group>";
		};
		FB895694272870A1009B7280 /* Schedule */ = {
			isa = PBXGroup;
			children = (
				FB5104A12724235F005963A9 /* Schedule.swift */,
				FB8956892727FAF1009B7280 /* ScheduleService.swift */,
				FB89568B2727FB03009B7280 /* ScheduleViewModel.swift */,
			);
			path = Schedule;
			sourceTree = "<group>";
		};
		FB895695272870A9009B7280 /* Driver */ = {
			isa = PBXGroup;
			children = (
				FB5104A3272425AE005963A9 /* Driver.swift */,
				FB7FFBE727244922008BA1B4 /* DriverService.swift */,
				FBCC019F27249B9700821F83 /* DriverViewModel.swift */,
			);
			path = Driver;
			sourceTree = "<group>";
		};
		FB895696272870BC009B7280 /* Views */ = {
			isa = PBXGroup;
			children = (
				01644A0627957779004C30F2 /* RaceDetailsView */,
				01644A002795751B004C30F2 /* StandingsViews */,
				FB895698272870DE009B7280 /* ScheduleViews */,
				FB895697272870CE009B7280 /* DriverViews */,
				FB7D8AA9272581B800EFEED7 /* WebView.swift */,
			);
			path = Views;
			sourceTree = "<group>";
		};
		FB895697272870CE009B7280 /* DriverViews */ = {
			isa = PBXGroup;
			children = (
				FB7FFBE9272451BB008BA1B4 /* DriverListView.swift */,
				FB3D299F27254EF100687B7E /* DriverView.swift */,
			);
			path = DriverViews;
			sourceTree = "<group>";
		};
		FB895698272870DE009B7280 /* ScheduleViews */ = {
			isa = PBXGroup;
			children = (
				FB89568D2727FC00009B7280 /* ScheduleView.swift */,
				FB89568F2728067D009B7280 /* ScheduleListView.swift */,
			);
			path = ScheduleViews;
			sourceTree = "<group>";
		};
/* End PBXGroup section */

/* Begin PBXNativeTarget section */
		FB51048F27242333005963A9 /* F1App */ = {
			isa = PBXNativeTarget;
			buildConfigurationList = FB51049E27242335005963A9 /* Build configuration list for PBXNativeTarget "F1App" */;
			buildPhases = (
				FB51048C27242333005963A9 /* Sources */,
				FB51048D27242333005963A9 /* Frameworks */,
				FB51048E27242333005963A9 /* Resources */,
			);
			buildRules = (
			);
			dependencies = (
			);
			name = F1App;
			productName = F1App;
			productReference = FB51049027242333005963A9 /* F1App.app */;
			productType = "com.apple.product-type.application";
		};
/* End PBXNativeTarget section */

/* Begin PBXProject section */
		FB51048827242333005963A9 /* Project object */ = {
			isa = PBXProject;
			attributes = {
				BuildIndependentTargetsInParallel = 1;
				LastSwiftUpdateCheck = 1300;
				LastUpgradeCheck = 1300;
				TargetAttributes = {
					FB51048F27242333005963A9 = {
						CreatedOnToolsVersion = 13.0;
					};
				};
			};
			buildConfigurationList = FB51048B27242333005963A9 /* Build configuration list for PBXProject "F1App" */;
			compatibilityVersion = "Xcode 13.0";
			developmentRegion = en;
			hasScannedForEncodings = 0;
			knownRegions = (
				en,
				Base,
			);
			mainGroup = FB51048727242333005963A9;
			productRefGroup = FB51049127242333005963A9 /* Products */;
			projectDirPath = "";
			projectRoot = "";
			targets = (
				FB51048F27242333005963A9 /* F1App */,
			);
		};
/* End PBXProject section */

/* Begin PBXResourcesBuildPhase section */
		FB51048E27242333005963A9 /* Resources */ = {
			isa = PBXResourcesBuildPhase;
			buildActionMask = 2147483647;
			files = (
				FB51049B27242335005963A9 /* Preview Assets.xcassets in Resources */,
				FB51049827242335005963A9 /* Assets.xcassets in Resources */,
			);
			runOnlyForDeploymentPostprocessing = 0;
		};
/* End PBXResourcesBuildPhase section */

/* Begin PBXSourcesBuildPhase section */
		FB51048C27242333005963A9 /* Sources */ = {
			isa = PBXSourcesBuildPhase;
			buildActionMask = 2147483647;
			files = (
				FB7FFBE827244922008BA1B4 /* DriverService.swift in Sources */,
				FB5104A22724235F005963A9 /* Schedule.swift in Sources */,
				FB3D29A027254EF100687B7E /* DriverView.swift in Sources */,
				FBCC01A027249B9700821F83 /* DriverViewModel.swift in Sources */,
				01644A0427957556004C30F2 /* StandingsListView.swift in Sources */,
				01644A0D27957E57004C30F2 /* RaceStandingResultsView.swift in Sources */,
				FB51049627242333005963A9 /* ContentView.swift in Sources */,
				01644A0227957542004C30F2 /* StandingsView.swift in Sources */,
				FB89568E2727FC00009B7280 /* ScheduleView.swift in Sources */,
				01644A092795779D004C30F2 /* QualiView.swift in Sources */,
				FB8956922728699A009B7280 /* RaceDetailsView.swift in Sources */,
				FB51049427242333005963A9 /* F1AppApp.swift in Sources */,
				FB89568C2727FB03009B7280 /* ScheduleViewModel.swift in Sources */,
				01644A0B27957E4B004C30F2 /* RaceDriverResultsView.swift in Sources */,
				FB89568A2727FAF1009B7280 /* ScheduleService.swift in Sources */,
				01644A0F27957E6F004C30F2 /* RaceView.swift in Sources */,
				FB8956902728067D009B7280 /* ScheduleListView.swift in Sources */,
				FB7D8AAA272581B800EFEED7 /* WebView.swift in Sources */,
				FB7FFBEA272451BB008BA1B4 /* DriverListView.swift in Sources */,
				FB5104A4272425AE005963A9 /* Driver.swift in Sources */,
			);
			runOnlyForDeploymentPostprocessing = 0;
		};
/* End PBXSourcesBuildPhase section */

/* Begin XCBuildConfiguration section */
		FB51049C27242335005963A9 /* Debug */ = {
			isa = XCBuildConfiguration;
			buildSettings = {
				ALWAYS_SEARCH_USER_PATHS = NO;
				CLANG_ANALYZER_NONNULL = YES;
				CLANG_ANALYZER_NUMBER_OBJECT_CONVERSION = YES_AGGRESSIVE;
				CLANG_CXX_LANGUAGE_STANDARD = "gnu++17";
				CLANG_CXX_LIBRARY = "libc++";
				CLANG_ENABLE_MODULES = YES;
				CLANG_ENABLE_OBJC_ARC = YES;
				CLANG_ENABLE_OBJC_WEAK = YES;
				CLANG_WARN_BLOCK_CAPTURE_AUTORELEASING = YES;
				CLANG_WARN_BOOL_CONVERSION = YES;
				CLANG_WARN_COMMA = YES;
				CLANG_WARN_CONSTANT_CONVERSION = YES;
				CLANG_WARN_DEPRECATED_OBJC_IMPLEMENTATIONS = YES;
				CLANG_WARN_DIRECT_OBJC_ISA_USAGE = YES_ERROR;
				CLANG_WARN_DOCUMENTATION_COMMENTS = YES;
				CLANG_WARN_EMPTY_BODY = YES;
				CLANG_WARN_ENUM_CONVERSION = YES;
				CLANG_WARN_INFINITE_RECURSION = YES;
				CLANG_WARN_INT_CONVERSION = YES;
				CLANG_WARN_NON_LITERAL_NULL_CONVERSION = YES;
				CLANG_WARN_OBJC_IMPLICIT_RETAIN_SELF = YES;
				CLANG_WARN_OBJC_LITERAL_CONVERSION = YES;
				CLANG_WARN_OBJC_ROOT_CLASS = YES_ERROR;
				CLANG_WARN_QUOTED_INCLUDE_IN_FRAMEWORK_HEADER = YES;
				CLANG_WARN_RANGE_LOOP_ANALYSIS = YES;
				CLANG_WARN_STRICT_PROTOTYPES = YES;
				CLANG_WARN_SUSPICIOUS_MOVE = YES;
				CLANG_WARN_UNGUARDED_AVAILABILITY = YES_AGGRESSIVE;
				CLANG_WARN_UNREACHABLE_CODE = YES;
				CLANG_WARN__DUPLICATE_METHOD_MATCH = YES;
				COPY_PHASE_STRIP = NO;
				DEBUG_INFORMATION_FORMAT = dwarf;
				ENABLE_STRICT_OBJC_MSGSEND = YES;
				ENABLE_TESTABILITY = YES;
				GCC_C_LANGUAGE_STANDARD = gnu11;
				GCC_DYNAMIC_NO_PIC = NO;
				GCC_NO_COMMON_BLOCKS = YES;
				GCC_OPTIMIZATION_LEVEL = 0;
				GCC_PREPROCESSOR_DEFINITIONS = (
					"DEBUG=1",
					"$(inherited)",
				);
				GCC_WARN_64_TO_32_BIT_CONVERSION = YES;
				GCC_WARN_ABOUT_RETURN_TYPE = YES_ERROR;
				GCC_WARN_UNDECLARED_SELECTOR = YES;
				GCC_WARN_UNINITIALIZED_AUTOS = YES_AGGRESSIVE;
				GCC_WARN_UNUSED_FUNCTION = YES;
				GCC_WARN_UNUSED_VARIABLE = YES;
				IPHONEOS_DEPLOYMENT_TARGET = 15.0;
				MTL_ENABLE_DEBUG_INFO = INCLUDE_SOURCE;
				MTL_FAST_MATH = YES;
				ONLY_ACTIVE_ARCH = YES;
				SDKROOT = iphoneos;
				SWIFT_ACTIVE_COMPILATION_CONDITIONS = DEBUG;
				SWIFT_OPTIMIZATION_LEVEL = "-Onone";
			};
			name = Debug;
		};
		FB51049D27242335005963A9 /* Release */ = {
			isa = XCBuildConfiguration;
			buildSettings = {
				ALWAYS_SEARCH_USER_PATHS = NO;
				CLANG_ANALYZER_NONNULL = YES;
				CLANG_ANALYZER_NUMBER_OBJECT_CONVERSION = YES_AGGRESSIVE;
				CLANG_CXX_LANGUAGE_STANDARD = "gnu++17";
				CLANG_CXX_LIBRARY = "libc++";
				CLANG_ENABLE_MODULES = YES;
				CLANG_ENABLE_OBJC_ARC = YES;
				CLANG_ENABLE_OBJC_WEAK = YES;
				CLANG_WARN_BLOCK_CAPTURE_AUTORELEASING = YES;
				CLANG_WARN_BOOL_CONVERSION = YES;
				CLANG_WARN_COMMA = YES;
				CLANG_WARN_CONSTANT_CONVERSION = YES;
				CLANG_WARN_DEPRECATED_OBJC_IMPLEMENTATIONS = YES;
				CLANG_WARN_DIRECT_OBJC_ISA_USAGE = YES_ERROR;
				CLANG_WARN_DOCUMENTATION_COMMENTS = YES;
				CLANG_WARN_EMPTY_BODY = YES;
				CLANG_WARN_ENUM_CONVERSION = YES;
				CLANG_WARN_INFINITE_RECURSION = YES;
				CLANG_WARN_INT_CONVERSION = YES;
				CLANG_WARN_NON_LITERAL_NULL_CONVERSION = YES;
				CLANG_WARN_OBJC_IMPLICIT_RETAIN_SELF = YES;
				CLANG_WARN_OBJC_LITERAL_CONVERSION = YES;
				CLANG_WARN_OBJC_ROOT_CLASS = YES_ERROR;
				CLANG_WARN_QUOTED_INCLUDE_IN_FRAMEWORK_HEADER = YES;
				CLANG_WARN_RANGE_LOOP_ANALYSIS = YES;
				CLANG_WARN_STRICT_PROTOTYPES = YES;
				CLANG_WARN_SUSPICIOUS_MOVE = YES;
				CLANG_WARN_UNGUARDED_AVAILABILITY = YES_AGGRESSIVE;
				CLANG_WARN_UNREACHABLE_CODE = YES;
				CLANG_WARN__DUPLICATE_METHOD_MATCH = YES;
				COPY_PHASE_STRIP = NO;
				DEBUG_INFORMATION_FORMAT = "dwarf-with-dsym";
				ENABLE_NS_ASSERTIONS = NO;
				ENABLE_STRICT_OBJC_MSGSEND = YES;
				GCC_C_LANGUAGE_STANDARD = gnu11;
				GCC_NO_COMMON_BLOCKS = YES;
				GCC_WARN_64_TO_32_BIT_CONVERSION = YES;
				GCC_WARN_ABOUT_RETURN_TYPE = YES_ERROR;
				GCC_WARN_UNDECLARED_SELECTOR = YES;
				GCC_WARN_UNINITIALIZED_AUTOS = YES_AGGRESSIVE;
				GCC_WARN_UNUSED_FUNCTION = YES;
				GCC_WARN_UNUSED_VARIABLE = YES;
				IPHONEOS_DEPLOYMENT_TARGET = 15.0;
				MTL_ENABLE_DEBUG_INFO = NO;
				MTL_FAST_MATH = YES;
				SDKROOT = iphoneos;
				SWIFT_COMPILATION_MODE = wholemodule;
				SWIFT_OPTIMIZATION_LEVEL = "-O";
				VALIDATE_PRODUCT = YES;
			};
			name = Release;
		};
		FB51049F27242335005963A9 /* Debug */ = {
			isa = XCBuildConfiguration;
			buildSettings = {
				ASSETCATALOG_COMPILER_APPICON_NAME = AppIcon;
				ASSETCATALOG_COMPILER_GLOBAL_ACCENT_COLOR_NAME = AccentColor;
				CODE_SIGN_STYLE = Automatic;
				CURRENT_PROJECT_VERSION = 1;
				DEVELOPMENT_ASSET_PATHS = "\"F1App/Preview Content\"";
				DEVELOPMENT_TEAM = J2QYS83JR9;
				ENABLE_PREVIEWS = YES;
				GENERATE_INFOPLIST_FILE = YES;
				INFOPLIST_KEY_UIApplicationSceneManifest_Generation = YES;
				INFOPLIST_KEY_UIApplicationSupportsIndirectInputEvents = YES;
				INFOPLIST_KEY_UILaunchScreen_Generation = YES;
				INFOPLIST_KEY_UISupportedInterfaceOrientations_iPad = "UIInterfaceOrientationPortrait UIInterfaceOrientationPortraitUpsideDown UIInterfaceOrientationLandscapeLeft UIInterfaceOrientationLandscapeRight";
				INFOPLIST_KEY_UISupportedInterfaceOrientations_iPhone = "UIInterfaceOrientationPortrait UIInterfaceOrientationLandscapeLeft UIInterfaceOrientationLandscapeRight";
				IPHONEOS_DEPLOYMENT_TARGET = 14.0;
				LD_RUNPATH_SEARCH_PATHS = (
					"$(inherited)",
					"@executable_path/Frameworks",
				);
				MARKETING_VERSION = 1.0;
				PRODUCT_BUNDLE_IDENTIFIER = ggs.F1App;
				PRODUCT_NAME = "$(TARGET_NAME)";
				SWIFT_EMIT_LOC_STRINGS = YES;
				SWIFT_VERSION = 5.0;
				TARGETED_DEVICE_FAMILY = "1,2";
			};
			name = Debug;
		};
		FB5104A027242335005963A9 /* Release */ = {
			isa = XCBuildConfiguration;
			buildSettings = {
				ASSETCATALOG_COMPILER_APPICON_NAME = AppIcon;
				ASSETCATALOG_COMPILER_GLOBAL_ACCENT_COLOR_NAME = AccentColor;
				CODE_SIGN_STYLE = Automatic;
				CURRENT_PROJECT_VERSION = 1;
				DEVELOPMENT_ASSET_PATHS = "\"F1App/Preview Content\"";
				DEVELOPMENT_TEAM = J2QYS83JR9;
				ENABLE_PREVIEWS = YES;
				GENERATE_INFOPLIST_FILE = YES;
				INFOPLIST_KEY_UIApplicationSceneManifest_Generation = YES;
				INFOPLIST_KEY_UIApplicationSupportsIndirectInputEvents = YES;
				INFOPLIST_KEY_UILaunchScreen_Generation = YES;
				INFOPLIST_KEY_UISupportedInterfaceOrientations_iPad = "UIInterfaceOrientationPortrait UIInterfaceOrientationPortraitUpsideDown UIInterfaceOrientationLandscapeLeft UIInterfaceOrientationLandscapeRight";
				INFOPLIST_KEY_UISupportedInterfaceOrientations_iPhone = "UIInterfaceOrientationPortrait UIInterfaceOrientationLandscapeLeft UIInterfaceOrientationLandscapeRight";
				IPHONEOS_DEPLOYMENT_TARGET = 14.0;
				LD_RUNPATH_SEARCH_PATHS = (
					"$(inherited)",
					"@executable_path/Frameworks",
				);
				MARKETING_VERSION = 1.0;
				PRODUCT_BUNDLE_IDENTIFIER = ggs.F1App;
				PRODUCT_NAME = "$(TARGET_NAME)";
				SWIFT_EMIT_LOC_STRINGS = YES;
				SWIFT_VERSION = 5.0;
				TARGETED_DEVICE_FAMILY = "1,2";
			};
			name = Release;
		};
/* End XCBuildConfiguration section */

/* Begin XCConfigurationList section */
		FB51048B27242333005963A9 /* Build configuration list for PBXProject "F1App" */ = {
			isa = XCConfigurationList;
			buildConfigurations = (
				FB51049C27242335005963A9 /* Debug */,
				FB51049D27242335005963A9 /* Release */,
			);
			defaultConfigurationIsVisible = 0;
			defaultConfigurationName = Release;
		};
		FB51049E27242335005963A9 /* Build configuration list for PBXNativeTarget "F1App" */ = {
			isa = XCConfigurationList;
			buildConfigurations = (
				FB51049F27242335005963A9 /* Debug */,
				FB5104A027242335005963A9 /* Release */,
			);
			defaultConfigurationIsVisible = 0;
			defaultConfigurationName = Release;
		};
/* End XCConfigurationList section */
	};
	rootObject = FB51048827242333005963A9 /* Project object */;
}
